Microsoft Visual Studio Solution File, Format Version 11.00
# Visual Studio 2010
Project("{F184B08F-C81C-45F6-A57F-5ABD9991F28F}") = "CustomSeriesPointTooltip", "CustomSeriesPointTooltip\CustomSeriesPointTooltip.vbproj", "{3AF7210D-397C-455B-BA86-9BC77FECB7C7}"
EndProject
Project("{F184B08F-C81C-45F6-A57F-5ABD9991F28F}") = "CustomSeriesPointTooltip.Web", "CustomSeriesPointTooltip.Web\CustomSeriesPointTooltip.Web.vbproj", "{6F3004FF-3B50-47ED-8CED-9D6452720C1E}"
EndProject
Global
	GlobalSection(SolutionConfigurationPlatforms) = preSolution
		Debug|Any CPU = Debug|Any CPU
		Release|Any CPU = Release|Any CPU
	EndGlobalSection
	GlobalSection(ProjectConfigurationPlatforms) = postSolution
		{3AF7210D-397C-455B-BA86-9BC77FECB7C7}.Debug|Any CPU.ActiveCfg = Debug|Any CPU
		{3AF7210D-397C-455B-BA86-9BC77FECB7C7}.Debug|Any CPU.Build.0 = Debug|Any CPU
		{3AF7210D-397C-455B-BA86-9BC77FECB7C7}.Release|Any CPU.ActiveCfg = Release|Any CPU
		{3AF7210D-397C-455B-BA86-9BC77FECB7C7}.Release|Any CPU.Build.0 = Release|Any CPU
		{6F3004FF-3B50-47ED-8CED-9D6452720C1E}.Debug|Any CPU.ActiveCfg = Debug|Any CPU
		{6F3004FF-3B50-47ED-8CED-9D6452720C1E}.Debug|Any CPU.Build.0 = Debug|Any CPU
		{6F3004FF-3B50-47ED-8CED-9D6452720C1E}.Release|Any CPU.ActiveCfg = Release|Any CPU
		{6F3004FF-3B50-47ED-8CED-9D6452720C1E}.Release|Any CPU.Build.0 = Release|Any CPU
	EndGlobalSection
	GlobalSection(SolutionProperties) = preSolution
		HideSolutionNode = FALSE
	EndGlobalSection
EndGlobal
